
Microsoft Visual Studio Solution File, Format Version 12.00
# Visual Studio 14
VisualStudioVersion = 14.0.25420.1
MinimumVisualStudioVersion = 10.0.40219.1
Project("{FAE04EC0-301F-11D3-BF4B-00C04F79EFBC}") = "PostBDT", "PostBDT\PostBDT.csproj", "{AF2B89F1-1494-4EFA-85BD-03BDE37C83E5}"
EndProject
Project("{F088123C-0E9E-452A-89E6-6BA2F21D5CAC}") = "ModelingProject1", "ModelingProject1\ModelingProject1.modelproj", "{44612465-2A58-4DC2-BB16-C908199030FE}"
EndProject
Global
	GlobalSection(SolutionConfigurationPlatforms) = preSolution
		Debug|Any CPU = Debug|Any CPU
		Release|Any CPU = Release|Any CPU
	EndGlobalSection
	GlobalSection(ProjectConfigurationPlatforms) = postSolution
		{AF2B89F1-1494-4EFA-85BD-03BDE37C83E5}.Debug|Any CPU.ActiveCfg = Debug|Any CPU
		{AF2B89F1-1494-4EFA-85BD-03BDE37C83E5}.Debug|Any CPU.Build.0 = Debug|Any CPU
		{AF2B89F1-1494-4EFA-85BD-03BDE37C83E5}.Release|Any CPU.ActiveCfg = Release|Any CPU
		{AF2B89F1-1494-4EFA-85BD-03BDE37C83E5}.Release|Any CPU.Build.0 = Release|Any CPU
		{44612465-2A58-4DC2-BB16-C908199030FE}.Debug|Any CPU.ActiveCfg = Debug|Any CPU
		{44612465-2A58-4DC2-BB16-C908199030FE}.Debug|Any CPU.Build.0 = Debug|Any CPU
		{44612465-2A58-4DC2-BB16-C908199030FE}.Release|Any CPU.ActiveCfg = Release|Any CPU
		{44612465-2A58-4DC2-BB16-C908199030FE}.Release|Any CPU.Build.0 = Release|Any CPU
	EndGlobalSection
	GlobalSection(SolutionProperties) = preSolution
		HideSolutionNode = FALSE
	EndGlobalSection
EndGlobal
